
Microsoft Visual Studio Solution File, Format Version 12.00
# Visual Studio Version 16
VisualStudioVersion = 16.0.30503.244
MinimumVisualStudioVersion = 10.0.40219.1
Project("{9A19103F-16F7-4668-BE54-9A1E7A4F7556}") = "Lv.1", "Lv.1\Lv.1.csproj", "{34FE7A80-C035-435C-AAC6-1C122F0B9793}"
EndProject
Project("{9A19103F-16F7-4668-BE54-9A1E7A4F7556}") = "Lv.2", "Lv.2\Lv.2.csproj", "{F08816AF-DF4E-43B0-A443-CFE775638F0C}"
EndProject
Project("{9A19103F-16F7-4668-BE54-9A1E7A4F7556}") = "Lv.3", "Lv.3\Lv.3.csproj", "{7E1A99C1-F736-4205-A478-A4CA2D480D99}"
EndProject
Project("{9A19103F-16F7-4668-BE54-9A1E7A4F7556}") = "Lv.4", "Lv.4\Lv.4.csproj", "{AB16EA03-4B87-43F7-B040-A0BC89F95605}"
EndProject
Project("{9A19103F-16F7-4668-BE54-9A1E7A4F7556}") = "Lv.5", "Lv.5\Lv.5.csproj", "{B23D0A44-92B4-4275-B539-A3F5ADCF23C3}"
EndProject
Project("{9A19103F-16F7-4668-BE54-9A1E7A4F7556}") = "Lv.6", "Lv.6\Lv.6.csproj", "{C81006E2-DEDE-4AEA-9D2E-1DCE1E8C6E30}"
EndProject
Project("{9A19103F-16F7-4668-BE54-9A1E7A4F7556}") = "Lv.7", "Lv.7\Lv.7.csproj", "{A2076CD5-786A-4580-BA2A-4C232839EF34}"
EndProject
Project("{FAE04EC0-301F-11D3-BF4B-00C04F79EFBC}") = "Lv.8", "Lv.8\Lv.8.csproj", "{1B375BC9-1A6E-4167-917B-CE53C6DA4B4D}"
EndProject
Global
	GlobalSection(SolutionConfigurationPlatforms) = preSolution
		Debug|Any CPU = Debug|Any CPU
		Release|Any CPU = Release|Any CPU
	EndGlobalSection
	GlobalSection(ProjectConfigurationPlatforms) = postSolution
		{34FE7A80-C035-435C-AAC6-1C122F0B9793}.Debug|Any CPU.ActiveCfg = Debug|Any CPU
		{34FE7A80-C035-435C-AAC6-1C122F0B9793}.Debug|Any CPU.Build.0 = Debug|Any CPU
		{34FE7A80-C035-435C-AAC6-1C122F0B9793}.Release|Any CPU.ActiveCfg = Release|Any CPU
		{34FE7A80-C035-435C-AAC6-1C122F0B9793}.Release|Any CPU.Build.0 = Release|Any CPU
		{F08816AF-DF4E-43B0-A443-CFE775638F0C}.Debug|Any CPU.ActiveCfg = Debug|Any CPU
		{F08816AF-DF4E-43B0-A443-CFE775638F0C}.Debug|Any CPU.Build.0 = Debug|Any CPU
		{F08816AF-DF4E-43B0-A443-CFE775638F0C}.Release|Any CPU.ActiveCfg = Release|Any CPU
		{F08816AF-DF4E-43B0-A443-CFE775638F0C}.Release|Any CPU.Build.0 = Release|Any CPU
		{7E1A99C1-F736-4205-A478-A4CA2D480D99}.Debug|Any CPU.ActiveCfg = Debug|Any CPU
		{7E1A99C1-F736-4205-A478-A4CA2D480D99}.Debug|Any CPU.Build.0 = Debug|Any CPU
		{7E1A99C1-F736-4205-A478-A4CA2D480D99}.Release|Any CPU.ActiveCfg = Release|Any CPU
		{7E1A99C1-F736-4205-A478-A4CA2D480D99}.Release|Any CPU.Build.0 = Release|Any CPU
		{AB16EA03-4B87-43F7-B040-A0BC89F95605}.Debug|Any CPU.ActiveCfg = Debug|Any CPU
		{AB16EA03-4B87-43F7-B040-A0BC89F95605}.Debug|Any CPU.Build.0 = Debug|Any CPU
		{AB16EA03-4B87-43F7-B040-A0BC89F95605}.Release|Any CPU.ActiveCfg = Release|Any CPU
		{AB16EA03-4B87-43F7-B040-A0BC89F95605}.Release|Any CPU.Build.0 = Release|Any CPU
		{B23D0A44-92B4-4275-B539-A3F5ADCF23C3}.Debug|Any CPU.ActiveCfg = Debug|Any CPU
		{B23D0A44-92B4-4275-B539-A3F5ADCF23C3}.Debug|Any CPU.Build.0 = Debug|Any CPU
		{B23D0A44-92B4-4275-B539-A3F5ADCF23C3}.Release|Any CPU.ActiveCfg = Release|Any CPU
		{B23D0A44-92B4-4275-B539-A3F5ADCF23C3}.Release|Any CPU.Build.0 = Release|Any CPU
		{C81006E2-DEDE-4AEA-9D2E-1DCE1E8C6E30}.Debug|Any CPU.ActiveCfg = Debug|Any CPU
		{C81006E2-DEDE-4AEA-9D2E-1DCE1E8C6E30}.Debug|Any CPU.Build.0 = Debug|Any CPU
		{C81006E2-DEDE-4AEA-9D2E-1DCE1E8C6E30}.Release|Any CPU.ActiveCfg = Release|Any CPU
		{C81006E2-DEDE-4AEA-9D2E-1DCE1E8C6E30}.Release|Any CPU.Build.0 = Release|Any CPU
		{A2076CD5-786A-4580-BA2A-4C232839EF34}.Debug|Any CPU.ActiveCfg = Debug|Any CPU
		{A2076CD5-786A-4580-BA2A-4C232839EF34}.Debug|Any CPU.Build.0 = Debug|Any CPU
		{A2076CD5-786A-4580-BA2A-4C232839EF34}.Release|Any CPU.ActiveCfg = Release|Any CPU
		{A2076CD5-786A-4580-BA2A-4C232839EF34}.Release|Any CPU.Build.0 = Release|Any CPU
		{1B375BC9-1A6E-4167-917B-CE53C6DA4B4D}.Debug|Any CPU.ActiveCfg = Debug|Any CPU
		{1B375BC9-1A6E-4167-917B-CE53C6DA4B4D}.Debug|Any CPU.Build.0 = Debug|Any CPU
		{1B375BC9-1A6E-4167-917B-CE53C6DA4B4D}.Release|Any CPU.ActiveCfg = Release|Any CPU
		{1B375BC9-1A6E-4167-917B-CE53C6DA4B4D}.Release|Any CPU.Build.0 = Release|Any CPU
	EndGlobalSection
	GlobalSection(SolutionProperties) = preSolution
		HideSolutionNode = FALSE
	EndGlobalSection
	GlobalSection(ExtensibilityGlobals) = postSolution
		SolutionGuid = {87C670FB-6D8B-4A5F-9464-FCF44822CAE4}
	EndGlobalSection
EndGlobal
