
Microsoft Visual Studio Solution File, Format Version 12.00
# Visual Studio Version 16
VisualStudioVersion = 16.0.30503.244
MinimumVisualStudioVersion = 10.0.40219.1
Project("{FAE04EC0-301F-11D3-BF4B-00C04F79EFBC}") = "Lv.1", "Lv.1\Lv.1.csproj", "{34FE7A80-C035-435C-AAC6-1C122F0B9793}"
EndProject
Global
	GlobalSection(SolutionConfigurationPlatforms) = preSolution
		Debug|Any CPU = Debug|Any CPU
		Release|Any CPU = Release|Any CPU
	EndGlobalSection
	GlobalSection(ProjectConfigurationPlatforms) = postSolution
		{34FE7A80-C035-435C-AAC6-1C122F0B9793}.Debug|Any CPU.ActiveCfg = Debug|Any CPU
		{34FE7A80-C035-435C-AAC6-1C122F0B9793}.Debug|Any CPU.Build.0 = Debug|Any CPU
		{34FE7A80-C035-435C-AAC6-1C122F0B9793}.Release|Any CPU.ActiveCfg = Release|Any CPU
		{34FE7A80-C035-435C-AAC6-1C122F0B9793}.Release|Any CPU.Build.0 = Release|Any CPU
	EndGlobalSection
	GlobalSection(SolutionProperties) = preSolution
		HideSolutionNode = FALSE
	EndGlobalSection
	GlobalSection(ExtensibilityGlobals) = postSolution
		SolutionGuid = {87C670FB-6D8B-4A5F-9464-FCF44822CAE4}
	EndGlobalSection
EndGlobal
